
Microsoft Visual Studio Solution File, Format Version 12.00
# Visual Studio Version 17
VisualStudioVersion = 17.5.33516.290
MinimumVisualStudioVersion = 10.0.40219.1
Project("{FAE04EC0-301F-11D3-BF4B-00C04F79EFBC}") = "SimpleApi", "SimpleApi.csproj", "{2BB6E3E3-6BD5-473E-BCC8-F8F81D43470D}"
EndProject
Global
	GlobalSection(SolutionConfigurationPlatforms) = preSolution
		Debug|Any CPU = Debug|Any CPU
		Release|Any CPU = Release|Any CPU
	EndGlobalSection
	GlobalSection(ProjectConfigurationPlatforms) = postSolution
		{2BB6E3E3-6BD5-473E-BCC8-F8F81D43470D}.Debug|Any CPU.ActiveCfg = Debug|Any CPU
		{2BB6E3E3-6BD5-473E-BCC8-F8F81D43470D}.Debug|Any CPU.Build.0 = Debug|Any CPU
		{2BB6E3E3-6BD5-473E-BCC8-F8F81D43470D}.Release|Any CPU.ActiveCfg = Release|Any CPU
		{2BB6E3E3-6BD5-473E-BCC8-F8F81D43470D}.Release|Any CPU.Build.0 = Release|Any CPU
	EndGlobalSection
	GlobalSection(SolutionProperties) = preSolution
		HideSolutionNode = FALSE
	EndGlobalSection
	GlobalSection(ExtensibilityGlobals) = postSolution
		SolutionGuid = {A54DA320-0091-4D23-83B5-147502AC891F}
	EndGlobalSection
EndGlobal
